// !$*UTF8*$!
{
	archiveVersion = 1;
	classes = {
	};
	objectVersion = 50;
	objects = {

/* Begin PBXBuildFile section */
		3F06C48021D0A859003A4CFF /* AppDelegate.swift in Sources */ = {isa = PBXBuildFile; fileRef = 3F06C47F21D0A859003A4CFF /* AppDelegate.swift */; };
		3F06C48221D0A859003A4CFF /* BillViewController.swift in Sources */ = {isa = PBXBuildFile; fileRef = 3F06C48121D0A859003A4CFF /* BillViewController.swift */; };
		3F06C48521D0A859003A4CFF /* Main.storyboard in Resources */ = {isa = PBXBuildFile; fileRef = 3F06C48321D0A859003A4CFF /* Main.storyboard */; };
		3F06C48821D0A859003A4CFF /* SaveMoney.xcdatamodeld in Sources */ = {isa = PBXBuildFile; fileRef = 3F06C48621D0A859003A4CFF /* SaveMoney.xcdatamodeld */; };
		3F06C48A21D0A85A003A4CFF /* Assets.xcassets in Resources */ = {isa = PBXBuildFile; fileRef = 3F06C48921D0A85A003A4CFF /* Assets.xcassets */; };
		3F06C48D21D0A85A003A4CFF /* LaunchScreen.storyboard in Resources */ = {isa = PBXBuildFile; fileRef = 3F06C48B21D0A85A003A4CFF /* LaunchScreen.storyboard */; };
		3F06C49821D0A85A003A4CFF /* SaveMoneyTests.swift in Sources */ = {isa = PBXBuildFile; fileRef = 3F06C49721D0A85A003A4CFF /* SaveMoneyTests.swift */; };
		3F06C4A321D0A85A003A4CFF /* SaveMoneyUITests.swift in Sources */ = {isa = PBXBuildFile; fileRef = 3F06C4A221D0A85A003A4CFF /* SaveMoneyUITests.swift */; };
		3F06C4B121D0B8DE003A4CFF /* BillTableViewCell.swift in Sources */ = {isa = PBXBuildFile; fileRef = 3F06C4B021D0B8DE003A4CFF /* BillTableViewCell.swift */; };
/* End PBXBuildFile section */

/* Begin PBXContainerItemProxy section */
		3F06C49421D0A85A003A4CFF /* PBXContainerItemProxy */ = {
			isa = PBXContainerItemProxy;
			containerPortal = 3F06C47421D0A859003A4CFF /* Project object */;
			proxyType = 1;
			remoteGlobalIDString = 3F06C47B21D0A859003A4CFF;
			remoteInfo = SaveMoney;
		};
		3F06C49F21D0A85A003A4CFF /* PBXContainerItemProxy */ = {
			isa = PBXContainerItemProxy;
			containerPortal = 3F06C47421D0A859003A4CFF /* Project object */;
			proxyType = 1;
			remoteGlobalIDString = 3F06C47B21D0A859003A4CFF;
			remoteInfo = SaveMoney;
		};
/* End PBXContainerItemProxy section */

/* Begin PBXFileReference section */
		3F06C47C21D0A859003A4CFF /* SaveMoney.app */ = {isa = PBXFileReference; explicitFileType = wrapper.application; includeInIndex = 0; path = SaveMoney.app; sourceTree = BUILT_PRODUCTS_DIR; };
		3F06C47F21D0A859003A4CFF /* AppDelegate.swift */ = {isa = PBXFileReference; lastKnownFileType = sourcecode.swift; path = AppDelegate.swift; sourceTree = "<group>"; };
		3F06C48121D0A859003A4CFF /* BillViewController.swift */ = {isa = PBXFileReference; lastKnownFileType = sourcecode.swift; path = BillViewController.swift; sourceTree = "<group>"; };
		3F06C48421D0A859003A4CFF /* Base */ = {isa = PBXFileReference; lastKnownFileType = file.storyboard; name = Base; path = Base.lproj/Main.storyboard; sourceTree = "<group>"; };
		3F06C48721D0A859003A4CFF /* SaveMoney.xcdatamodel */ = {isa = PBXFileReference; lastKnownFileType = wrapper.xcdatamodel; path = SaveMoney.xcdatamodel; sourceTree = "<group>"; };
		3F06C48921D0A85A003A4CFF /* Assets.xcassets */ = {isa = PBXFileReference; lastKnownFileType = folder.assetcatalog; path = Assets.xcassets; sourceTree = "<group>"; };
		3F06C48C21D0A85A003A4CFF /* Base */ = {isa = PBXFileReference; lastKnownFileType = file.storyboard; name = Base; path = Base.lproj/LaunchScreen.storyboard; sourceTree = "<group>"; };
		3F06C48E21D0A85A003A4CFF /* Info.plist */ = {isa = PBXFileReference; lastKnownFileType = text.plist.xml; path = Info.plist; sourceTree = "<group>"; };
		3F06C49321D0A85A003A4CFF /* SaveMoneyTests.xctest */ = {isa = PBXFileReference; explicitFileType = wrapper.cfbundle; includeInIndex = 0; path = SaveMoneyTests.xctest; sourceTree = BUILT_PRODUCTS_DIR; };
		3F06C49721D0A85A003A4CFF /* SaveMoneyTests.swift */ = {isa = PBXFileReference; lastKnownFileType = sourcecode.swift; path = SaveMoneyTests.swift; sourceTree = "<group>"; };
		3F06C49921D0A85A003A4CFF /* Info.plist */ = {isa = PBXFileReference; lastKnownFileType = text.plist.xml; path = Info.plist; sourceTree = "<group>"; };
		3F06C49E21D0A85A003A4CFF /* SaveMoneyUITests.xctest */ = {isa = PBXFileReference; explicitFileType = wrapper.cfbundle; includeInIndex = 0; path = SaveMoneyUITests.xctest; sourceTree = BUILT_PRODUCTS_DIR; };
		3F06C4A221D0A85A003A4CFF /* SaveMoneyUITests.swift */ = {isa = PBXFileReference; lastKnownFileType = sourcecode.swift; path = SaveMoneyUITests.swift; sourceTree = "<group>"; };
		3F06C4A421D0A85A003A4CFF /* Info.plist */ = {isa = PBXFileReference; lastKnownFileType = text.plist.xml; path = Info.plist; sourceTree = "<group>"; };
		3F06C4B021D0B8DE003A4CFF /* BillTableViewCell.swift */ = {isa = PBXFileReference; lastKnownFileType = sourcecode.swift; path = BillTableViewCell.swift; sourceTree = "<group>"; };
/* End PBXFileReference section */

/* Begin PBXFrameworksBuildPhase section */
		3F06C47921D0A859003A4CFF /* Frameworks */ = {
			isa = PBXFrameworksBuildPhase;
			buildActionMask = 2147483647;
			files = (
			);
			runOnlyForDeploymentPostprocessing = 0;
		};
		3F06C49021D0A85A003A4CFF /* Frameworks */ = {
			isa = PBXFrameworksBuildPhase;
			buildActionMask = 2147483647;
			files = (
			);
			runOnlyForDeploymentPostprocessing = 0;
		};
		3F06C49B21D0A85A003A4CFF /* Frameworks */ = {
			isa = PBXFrameworksBuildPhase;
			buildActionMask = 2147483647;
			files = (
			);
			runOnlyForDeploymentPostprocessing = 0;
		};
/* End PBXFrameworksBuildPhase section */

/* Begin PBXGroup section */
		3F06C47321D0A859003A4CFF = {
			isa = PBXGroup;
			children = (
				3F06C47E21D0A859003A4CFF /* SaveMoney */,
				3F06C49621D0A85A003A4CFF /* SaveMoneyTests */,
				3F06C4A121D0A85A003A4CFF /* SaveMoneyUITests */,
				3F06C47D21D0A859003A4CFF /* Products */,
			);
			sourceTree = "<group>";
		};
		3F06C47D21D0A859003A4CFF /* Products */ = {
			isa = PBXGroup;
			children = (
				3F06C47C21D0A859003A4CFF /* SaveMoney.app */,
				3F06C49321D0A85A003A4CFF /* SaveMoneyTests.xctest */,
				3F06C49E21D0A85A003A4CFF /* SaveMoneyUITests.xctest */,
			);
			name = Products;
			sourceTree = "<group>";
		};
		3F06C47E21D0A859003A4CFF /* SaveMoney */ = {
			isa = PBXGroup;
			children = (
				3F06C47F21D0A859003A4CFF /* AppDelegate.swift */,
				3F06C48121D0A859003A4CFF /* BillViewController.swift */,
				3F06C48321D0A859003A4CFF /* Main.storyboard */,
				3F06C4B021D0B8DE003A4CFF /* BillTableViewCell.swift */,
				3F06C48921D0A85A003A4CFF /* Assets.xcassets */,
				3F06C48B21D0A85A003A4CFF /* LaunchScreen.storyboard */,
				3F06C48E21D0A85A003A4CFF /* Info.plist */,
				3F06C48621D0A859003A4CFF /* SaveMoney.xcdatamodeld */,
			);
			path = SaveMoney;
			sourceTree = "<group>";
		};
		3F06C49621D0A85A003A4CFF /* SaveMoneyTests */ = {
			isa = PBXGroup;
			children = (
				3F06C49721D0A85A003A4CFF /* SaveMoneyTests.swift */,
				3F06C49921D0A85A003A4CFF /* Info.plist */,
			);
			path = SaveMoneyTests;
			sourceTree = "<group>";
		};
		3F06C4A121D0A85A003A4CFF /* SaveMoneyUITests */ = {
			isa = PBXGroup;
			children = (
				3F06C4A221D0A85A003A4CFF /* SaveMoneyUITests.swift */,
				3F06C4A421D0A85A003A4CFF /* Info.plist */,
			);
			path = SaveMoneyUITests;
			sourceTree = "<group>";
		};
/* End PBXGroup section */

/* Begin PBXNativeTarget section */
		3F06C47B21D0A859003A4CFF /* SaveMoney */ = {
			isa = PBXNativeTarget;
			buildConfigurationList = 3F06C4A721D0A85A003A4CFF /* Build configuration list for PBXNativeTarget "SaveMoney" */;
			buildPhases = (
				3F06C47821D0A859003A4CFF /* Sources */,
				3F06C47921D0A859003A4CFF /* Frameworks */,
				3F06C47A21D0A859003A4CFF /* Resources */,
			);
			buildRules = (
			);
			dependencies = (
			);
			name = SaveMoney;
			productName = SaveMoney;
			productReference = 3F06C47C21D0A859003A4CFF /* SaveMoney.app */;
			productType = "com.apple.product-type.application";
		};
		3F06C49221D0A85A003A4CFF /* SaveMoneyTests */ = {
			isa = PBXNativeTarget;
			buildConfigurationList = 3F06C4AA21D0A85A003A4CFF /* Build configuration list for PBXNativeTarget "SaveMoneyTests" */;
			buildPhases = (
				3F06C48F21D0A85A003A4CFF /* Sources */,
				3F06C49021D0A85A003A4CFF /* Frameworks */,
				3F06C49121D0A85A003A4CFF /* Resources */,
			);
			buildRules = (
			);
			dependencies = (
				3F06C49521D0A85A003A4CFF /* PBXTargetDependency */,
			);
			name = SaveMoneyTests;
			productName = SaveMoneyTests;
			productReference = 3F06C49321D0A85A003A4CFF /* SaveMoneyTests.xctest */;
			productType = "com.apple.product-type.bundle.unit-test";
		};
		3F06C49D21D0A85A003A4CFF /* SaveMoneyUITests */ = {
			isa = PBXNativeTarget;
			buildConfigurationList = 3F06C4AD21D0A85A003A4CFF /* Build configuration list for PBXNativeTarget "SaveMoneyUITests" */;
			buildPhases = (
				3F06C49A21D0A85A003A4CFF /* Sources */,
				3F06C49B21D0A85A003A4CFF /* Frameworks */,
				3F06C49C21D0A85A003A4CFF /* Resources */,
			);
			buildRules = (
			);
			dependencies = (
				3F06C4A021D0A85A003A4CFF /* PBXTargetDependency */,
			);
			name = SaveMoneyUITests;
			productName = SaveMoneyUITests;
			productReference = 3F06C49E21D0A85A003A4CFF /* SaveMoneyUITests.xctest */;
			productType = "com.apple.product-type.bundle.ui-testing";
		};
/* End PBXNativeTarget section */

/* Begin PBXProject section */
		3F06C47421D0A859003A4CFF /* Project object */ = {
			isa = PBXProject;
			attributes = {
				LastSwiftUpdateCheck = 1000;
				LastUpgradeCheck = 1000;
				ORGANIZATIONNAME = SiCNU;
				TargetAttributes = {
					3F06C47B21D0A859003A4CFF = {
						CreatedOnToolsVersion = 10.0;
					};
					3F06C49221D0A85A003A4CFF = {
						CreatedOnToolsVersion = 10.0;
						TestTargetID = 3F06C47B21D0A859003A4CFF;
					};
					3F06C49D21D0A85A003A4CFF = {
						CreatedOnToolsVersion = 10.0;
						TestTargetID = 3F06C47B21D0A859003A4CFF;
					};
				};
			};
			buildConfigurationList = 3F06C47721D0A859003A4CFF /* Build configuration list for PBXProject "SaveMoney" */;
			compatibilityVersion = "Xcode 9.3";
			developmentRegion = en;
			hasScannedForEncodings = 0;
			knownRegions = (
				en,
				Base,
			);
			mainGroup = 3F06C47321D0A859003A4CFF;
			productRefGroup = 3F06C47D21D0A859003A4CFF /* Products */;
			projectDirPath = "";
			projectRoot = "";
			targets = (
				3F06C47B21D0A859003A4CFF /* SaveMoney */,
				3F06C49221D0A85A003A4CFF /* SaveMoneyTests */,
				3F06C49D21D0A85A003A4CFF /* SaveMoneyUITests */,
			);
		};
/* End PBXProject section */

/* Begin PBXResourcesBuildPhase section */
		3F06C47A21D0A859003A4CFF /* Resources */ = {
			isa = PBXResourcesBuildPhase;
			buildActionMask = 2147483647;
			files = (
				3F06C48D21D0A85A003A4CFF /* LaunchScreen.storyboard in Resources */,
				3F06C48A21D0A85A003A4CFF /* Assets.xcassets in Resources */,
				3F06C48521D0A859003A4CFF /* Main.storyboard in Resources */,
			);
			runOnlyForDeploymentPostprocessing = 0;
		};
		3F06C49121D0A85A003A4CFF /* Resources */ = {
			isa = PBXResourcesBuildPhase;
			buildActionMask = 2147483647;
			files = (
			);
			runOnlyForDeploymentPostprocessing = 0;
		};
		3F06C49C21D0A85A003A4CFF /* Resources */ = {
			isa = PBXResourcesBuildPhase;
			buildActionMask = 2147483647;
			files = (
			);
			runOnlyForDeploymentPostprocessing = 0;
		};
/* End PBXResourcesBuildPhase section */

/* Begin PBXSourcesBuildPhase section */
		3F06C47821D0A859003A4CFF /* Sources */ = {
			isa = PBXSourcesBuildPhase;
			buildActionMask = 2147483647;
			files = (
				3F06C4B121D0B8DE003A4CFF /* BillTableViewCell.swift in Sources */,
				3F06C48821D0A859003A4CFF /* SaveMoney.xcdatamodeld in Sources */,
				3F06C48221D0A859003A4CFF /* BillViewController.swift in Sources */,
				3F06C48021D0A859003A4CFF /* AppDelegate.swift in Sources */,
			);
			runOnlyForDeploymentPostprocessing = 0;
		};
		3F06C48F21D0A85A003A4CFF /* Sources */ = {
			isa = PBXSourcesBuildPhase;
			buildActionMask = 2147483647;
			files = (
				3F06C49821D0A85A003A4CFF /* SaveMoneyTests.swift in Sources */,
			);
			runOnlyForDeploymentPostprocessing = 0;
		};
		3F06C49A21D0A85A003A4CFF /* Sources */ = {
			isa = PBXSourcesBuildPhase;
			buildActionMask = 2147483647;
			files = (
				3F06C4A321D0A85A003A4CFF /* SaveMoneyUITests.swift in Sources */,
			);
			runOnlyForDeploymentPostprocessing = 0;
		};
/* End PBXSourcesBuildPhase section */

/* Begin PBXTargetDependency section */
		3F06C49521D0A85A003A4CFF /* PBXTargetDependency */ = {
			isa = PBXTargetDependency;
			target = 3F06C47B21D0A859003A4CFF /* SaveMoney */;
			targetProxy = 3F06C49421D0A85A003A4CFF /* PBXContainerItemProxy */;
		};
		3F06C4A021D0A85A003A4CFF /* PBXTargetDependency */ = {
			isa = PBXTargetDependency;
			target = 3F06C47B21D0A859003A4CFF /* SaveMoney */;
			targetProxy = 3F06C49F21D0A85A003A4CFF /* PBXContainerItemProxy */;
		};
/* End PBXTargetDependency section */

/* Begin PBXVariantGroup section */
		3F06C48321D0A859003A4CFF /* Main.storyboard */ = {
			isa = PBXVariantGroup;
			children = (
				3F06C48421D0A859003A4CFF /* Base */,
			);
			name = Main.storyboard;
			sourceTree = "<group>";
		};
		3F06C48B21D0A85A003A4CFF /* LaunchScreen.storyboard */ = {
			isa = PBXVariantGroup;
			children = (
				3F06C48C21D0A85A003A4CFF /* Base */,
			);
			name = LaunchScreen.storyboard;
			sourceTree = "<group>";
		};
/* End PBXVariantGroup section */

/* Begin XCBuildConfiguration section */
		3F06C4A521D0A85A003A4CFF /* Debug */ = {
			isa = XCBuildConfiguration;
			buildSettings = {
				ALWAYS_SEARCH_USER_PATHS = NO;
				CLANG_ANALYZER_NONNULL = YES;
				CLANG_ANALYZER_NUMBER_OBJECT_CONVERSION = YES_AGGRESSIVE;
				CLANG_CXX_LANGUAGE_STANDARD = "gnu++14";
				CLANG_CXX_LIBRARY = "libc++";
				CLANG_ENABLE_MODULES = YES;
				CLANG_ENABLE_OBJC_ARC = YES;
				CLANG_ENABLE_OBJC_WEAK = YES;
				CLANG_WARN_BLOCK_CAPTURE_AUTORELEASING = YES;
				CLANG_WARN_BOOL_CONVERSION = YES;
				CLANG_WARN_COMMA = YES;
				CLANG_WARN_CONSTANT_CONVERSION = YES;
				CLANG_WARN_DEPRECATED_OBJC_IMPLEMENTATIONS = YES;
				CLANG_WARN_DIRECT_OBJC_ISA_USAGE = YES_ERROR;
				CLANG_WARN_DOCUMENTATION_COMMENTS = YES;
				CLANG_WARN_EMPTY_BODY = YES;
				CLANG_WARN_ENUM_CONVERSION = YES;
				CLANG_WARN_INFINITE_RECURSION = YES;
				CLANG_WARN_INT_CONVERSION = YES;
				CLANG_WARN_NON_LITERAL_NULL_CONVERSION = YES;
				CLANG_WARN_OBJC_IMPLICIT_RETAIN_SELF = YES;
				CLANG_WARN_OBJC_LITERAL_CONVERSION = YES;
				CLANG_WARN_OBJC_ROOT_CLASS = YES_ERROR;
				CLANG_WARN_RANGE_LOOP_ANALYSIS = YES;
				CLANG_WARN_STRICT_PROTOTYPES = YES;
				CLANG_WARN_SUSPICIOUS_MOVE = YES;
				CLANG_WARN_UNGUARDED_AVAILABILITY = YES_AGGRESSIVE;
				CLANG_WARN_UNREACHABLE_CODE = YES;
				CLANG_WARN__DUPLICATE_METHOD_MATCH = YES;
				CODE_SIGN_IDENTITY = "iPhone Developer";
				COPY_PHASE_STRIP = NO;
				DEBUG_INFORMATION_FORMAT = dwarf;
				ENABLE_STRICT_OBJC_MSGSEND = YES;
				ENABLE_TESTABILITY = YES;
				GCC_C_LANGUAGE_STANDARD = gnu11;
				GCC_DYNAMIC_NO_PIC = NO;
				GCC_NO_COMMON_BLOCKS = YES;
				GCC_OPTIMIZATION_LEVEL = 0;
				GCC_PREPROCESSOR_DEFINITIONS = (
					"DEBUG=1",
					"$(inherited)",
				);
				GCC_WARN_64_TO_32_BIT_CONVERSION = YES;
				GCC_WARN_ABOUT_RETURN_TYPE = YES_ERROR;
				GCC_WARN_UNDECLARED_SELECTOR = YES;
				GCC_WARN_UNINITIALIZED_AUTOS = YES_AGGRESSIVE;
				GCC_WARN_UNUSED_FUNCTION = YES;
				GCC_WARN_UNUSED_VARIABLE = YES;
				IPHONEOS_DEPLOYMENT_TARGET = 12.0;
				MTL_ENABLE_DEBUG_INFO = INCLUDE_SOURCE;
				MTL_FAST_MATH = YES;
				ONLY_ACTIVE_ARCH = YES;
				SDKROOT = iphoneos;
				SWIFT_ACTIVE_COMPILATION_CONDITIONS = DEBUG;
				SWIFT_OPTIMIZATION_LEVEL = "-Onone";
			};
			name = Debug;
		};
		3F06C4A621D0A85A003A4CFF /* Release */ = {
			isa = XCBuildConfiguration;
			buildSettings = {
				ALWAYS_SEARCH_USER_PATHS = NO;
				CLANG_ANALYZER_NONNULL = YES;
				CLANG_ANALYZER_NUMBER_OBJECT_CONVERSION = YES_AGGRESSIVE;
				CLANG_CXX_LANGUAGE_STANDARD = "gnu++14";
				CLANG_CXX_LIBRARY = "libc++";
				CLANG_ENABLE_MODULES = YES;
				CLANG_ENABLE_OBJC_ARC = YES;
				CLANG_ENABLE_OBJC_WEAK = YES;
				CLANG_WARN_BLOCK_CAPTURE_AUTORELEASING = YES;
				CLANG_WARN_BOOL_CONVERSION = YES;
				CLANG_WARN_COMMA = YES;
				CLANG_WARN_CONSTANT_CONVERSION = YES;
				CLANG_WARN_DEPRECATED_OBJC_IMPLEMENTATIONS = YES;
				CLANG_WARN_DIRECT_OBJC_ISA_USAGE = YES_ERROR;
				CLANG_WARN_DOCUMENTATION_COMMENTS = YES;
				CLANG_WARN_EMPTY_BODY = YES;
				CLANG_WARN_ENUM_CONVERSION = YES;
				CLANG_WARN_INFINITE_RECURSION = YES;
				CLANG_WARN_INT_CONVERSION = YES;
				CLANG_WARN_NON_LITERAL_NULL_CONVERSION = YES;
				CLANG_WARN_OBJC_IMPLICIT_RETAIN_SELF = YES;
				CLANG_WARN_OBJC_LITERAL_CONVERSION = YES;
				CLANG_WARN_OBJC_ROOT_CLASS = YES_ERROR;
				CLANG_WARN_RANGE_LOOP_ANALYSIS = YES;
				CLANG_WARN_STRICT_PROTOTYPES = YES;
				CLANG_WARN_SUSPICIOUS_MOVE = YES;
				CLANG_WARN_UNGUARDED_AVAILABILITY = YES_AGGRESSIVE;
				CLANG_WARN_UNREACHABLE_CODE = YES;
				CLANG_WARN__DUPLICATE_METHOD_MATCH = YES;
				CODE_SIGN_IDENTITY = "iPhone Developer";
				COPY_PHASE_STRIP = NO;
				DEBUG_INFORMATION_FORMAT = "dwarf-with-dsym";
				ENABLE_NS_ASSERTIONS = NO;
				ENABLE_STRICT_OBJC_MSGSEND = YES;
				GCC_C_LANGUAGE_STANDARD = gnu11;
				GCC_NO_COMMON_BLOCKS = YES;
				GCC_WARN_64_TO_32_BIT_CONVERSION = YES;
				GCC_WARN_ABOUT_RETURN_TYPE = YES_ERROR;
				GCC_WARN_UNDECLARED_SELECTOR = YES;
				GCC_WARN_UNINITIALIZED_AUTOS = YES_AGGRESSIVE;
				GCC_WARN_UNUSED_FUNCTION = YES;
				GCC_WARN_UNUSED_VARIABLE = YES;
				IPHONEOS_DEPLOYMENT_TARGET = 12.0;
				MTL_ENABLE_DEBUG_INFO = NO;
				MTL_FAST_MATH = YES;
				SDKROOT = iphoneos;
				SWIFT_COMPILATION_MODE = wholemodule;
				SWIFT_OPTIMIZATION_LEVEL = "-O";
				VALIDATE_PRODUCT = YES;
			};
			name = Release;
		};
		3F06C4A821D0A85A003A4CFF /* Debug */ = {
			isa = XCBuildConfiguration;
			buildSettings = {
				ASSETCATALOG_COMPILER_APPICON_NAME = AppIcon;
				CODE_SIGN_STYLE = Automatic;
				INFOPLIST_FILE = SaveMoney/Info.plist;
				LD_RUNPATH_SEARCH_PATHS = (
					"$(inherited)",
					"@executable_path/Frameworks",
				);
				PRODUCT_BUNDLE_IDENTIFIER = "-016110409.SaveMoney";
				PRODUCT_NAME = "$(TARGET_NAME)";
				SWIFT_VERSION = 4.2;
				TARGETED_DEVICE_FAMILY = "1,2";
			};
			name = Debug;
		};
		3F06C4A921D0A85A003A4CFF /* Release */ = {
			isa = XCBuildConfiguration;
			buildSettings = {
				ASSETCATALOG_COMPILER_APPICON_NAME = AppIcon;
				CODE_SIGN_STYLE = Automatic;
				INFOPLIST_FILE = SaveMoney/Info.plist;
				LD_RUNPATH_SEARCH_PATHS = (
					"$(inherited)",
					"@executable_path/Frameworks",
				);
				PRODUCT_BUNDLE_IDENTIFIER = "-016110409.SaveMoney";
				PRODUCT_NAME = "$(TARGET_NAME)";
				SWIFT_VERSION = 4.2;
				TARGETED_DEVICE_FAMILY = "1,2";
			};
			name = Release;
		};
		3F06C4AB21D0A85A003A4CFF /* Debug */ = {
			isa = XCBuildConfiguration;
			buildSettings = {
				ALWAYS_EMBED_SWIFT_STANDARD_LIBRARIES = YES;
				BUNDLE_LOADER = "$(TEST_HOST)";
				CODE_SIGN_STYLE = Automatic;
				INFOPLIST_FILE = SaveMoneyTests/Info.plist;
				LD_RUNPATH_SEARCH_PATHS = (
					"$(inherited)",
					"@executable_path/Frameworks",
					"@loader_path/Frameworks",
				);
				PRODUCT_BUNDLE_IDENTIFIER = "-016110409.SaveMoneyTests";
				PRODUCT_NAME = "$(TARGET_NAME)";
				SWIFT_VERSION = 4.2;
				TARGETED_DEVICE_FAMILY = "1,2";
				TEST_HOST = "$(BUILT_PRODUCTS_DIR)/SaveMoney.app/SaveMoney";
			};
			name = Debug;
		};
		3F06C4AC21D0A85A003A4CFF /* Release */ = {
			isa = XCBuildConfiguration;
			buildSettings = {
				ALWAYS_EMBED_SWIFT_STANDARD_LIBRARIES = YES;
				BUNDLE_LOADER = "$(TEST_HOST)";
				CODE_SIGN_STYLE = Automatic;
				INFOPLIST_FILE = SaveMoneyTests/Info.plist;
				LD_RUNPATH_SEARCH_PATHS = (
					"$(inherited)",
					"@executable_path/Frameworks",
					"@loader_path/Frameworks",
				);
				PRODUCT_BUNDLE_IDENTIFIER = "-016110409.SaveMoneyTests";
				PRODUCT_NAME = "$(TARGET_NAME)";
				SWIFT_VERSION = 4.2;
				TARGETED_DEVICE_FAMILY = "1,2";
				TEST_HOST = "$(BUILT_PRODUCTS_DIR)/SaveMoney.app/SaveMoney";
			};
			name = Release;
		};
		3F06C4AE21D0A85A003A4CFF /* Debug */ = {
			isa = XCBuildConfiguration;
			buildSettings = {
				ALWAYS_EMBED_SWIFT_STANDARD_LIBRARIES = YES;
				CODE_SIGN_STYLE = Automatic;
				INFOPLIST_FILE = SaveMoneyUITests/Info.plist;
				LD_RUNPATH_SEARCH_PATHS = (
					"$(inherited)",
					"@executable_path/Frameworks",
					"@loader_path/Frameworks",
				);
				PRODUCT_BUNDLE_IDENTIFIER = "-016110409.SaveMoneyUITests";
				PRODUCT_NAME = "$(TARGET_NAME)";
				SWIFT_VERSION = 4.2;
				TARGETED_DEVICE_FAMILY = "1,2";
				TEST_TARGET_NAME = SaveMoney;
			};
			name = Debug;
		};
		3F06C4AF21D0A85A003A4CFF /* Release */ = {
			isa = XCBuildConfiguration;
			buildSettings = {
				ALWAYS_EMBED_SWIFT_STANDARD_LIBRARIES = YES;
				CODE_SIGN_STYLE = Automatic;
				INFOPLIST_FILE = SaveMoneyUITests/Info.plist;
				LD_RUNPATH_SEARCH_PATHS = (
					"$(inherited)",
					"@executable_path/Frameworks",
					"@loader_path/Frameworks",
				);
				PRODUCT_BUNDLE_IDENTIFIER = "-016110409.SaveMoneyUITests";
				PRODUCT_NAME = "$(TARGET_NAME)";
				SWIFT_VERSION = 4.2;
				TARGETED_DEVICE_FAMILY = "1,2";
				TEST_TARGET_NAME = SaveMoney;
			};
			name = Release;
		};
/* End XCBuildConfiguration section */

/* Begin XCConfigurationList section */
		3F06C47721D0A859003A4CFF /* Build configuration list for PBXProject "SaveMoney" */ = {
			isa = XCConfigurationList;
			buildConfigurations = (
				3F06C4A521D0A85A003A4CFF /* Debug */,
				3F06C4A621D0A85A003A4CFF /* Release */,
			);
			defaultConfigurationIsVisible = 0;
			defaultConfigurationName = Release;
		};
		3F06C4A721D0A85A003A4CFF /* Build configuration list for PBXNativeTarget "SaveMoney" */ = {
			isa = XCConfigurationList;
			buildConfigurations = (
				3F06C4A821D0A85A003A4CFF /* Debug */,
				3F06C4A921D0A85A003A4CFF /* Release */,
			);
			defaultConfigurationIsVisible = 0;
			defaultConfigurationName = Release;
		};
		3F06C4AA21D0A85A003A4CFF /* Build configuration list for PBXNativeTarget "SaveMoneyTests" */ = {
			isa = XCConfigurationList;
			buildConfigurations = (
				3F06C4AB21D0A85A003A4CFF /* Debug */,
				3F06C4AC21D0A85A003A4CFF /* Release */,
			);
			defaultConfigurationIsVisible = 0;
			defaultConfigurationName = Release;
		};
		3F06C4AD21D0A85A003A4CFF /* Build configuration list for PBXNativeTarget "SaveMoneyUITests" */ = {
			isa = XCConfigurationList;
			buildConfigurations = (
				3F06C4AE21D0A85A003A4CFF /* Debug */,
				3F06C4AF21D0A85A003A4CFF /* Release */,
			);
			defaultConfigurationIsVisible = 0;
			defaultConfigurationName = Release;
		};
/* End XCConfigurationList section */

/* Begin XCVersionGroup section */
		3F06C48621D0A859003A4CFF /* SaveMoney.xcdatamodeld */ = {
			isa = XCVersionGroup;
			children = (
				3F06C48721D0A859003A4CFF /* SaveMoney.xcdatamodel */,
			);
			currentVersion = 3F06C48721D0A859003A4CFF /* SaveMoney.xcdatamodel */;
			path = SaveMoney.xcdatamodeld;
			sourceTree = "<group>";
			versionGroupType = wrapper.xcdatamodel;
		};
/* End XCVersionGroup section */
	};
	rootObject = 3F06C47421D0A859003A4CFF /* Project object */;
}
